
Microsoft Visual Studio Solution File, Format Version 12.00
# Visual Studio Version 17
VisualStudioVersion = 17.1.32210.238
MinimumVisualStudioVersion = 10.0.40219.1
Project("{FAE04EC0-301F-11D3-BF4B-00C04F79EFBC}") = "NEA Project UI", "NEA Project UI.csproj", "{D45AB847-26BD-4EF6-BB7F-CE579FF03C83}"
EndProject
Global
	GlobalSection(SolutionConfigurationPlatforms) = preSolution
		Debug|Any CPU = Debug|Any CPU
		Release|Any CPU = Release|Any CPU
	EndGlobalSection
	GlobalSection(ProjectConfigurationPlatforms) = postSolution
		{D45AB847-26BD-4EF6-BB7F-CE579FF03C83}.Debug|Any CPU.ActiveCfg = Debug|Any CPU
		{D45AB847-26BD-4EF6-BB7F-CE579FF03C83}.Debug|Any CPU.Build.0 = Debug|Any CPU
		{D45AB847-26BD-4EF6-BB7F-CE579FF03C83}.Release|Any CPU.ActiveCfg = Release|Any CPU
		{D45AB847-26BD-4EF6-BB7F-CE579FF03C83}.Release|Any CPU.Build.0 = Release|Any CPU
	EndGlobalSection
	GlobalSection(SolutionProperties) = preSolution
		HideSolutionNode = FALSE
	EndGlobalSection
	GlobalSection(ExtensibilityGlobals) = postSolution
		SolutionGuid = {DD592A1B-1EAD-474C-9A77-2CD003D8A584}
	EndGlobalSection
EndGlobal
